
Microsoft Visual Studio Solution File, Format Version 11.00
# Visual Studio 2010
Project("{8BC9CEB8-8B4A-11D0-8D11-00A0C91BC942}") = "Q23", "Q23\Q23.vcxproj", "{E225B61D-30E6-4E1B-8CA3-67461E7245CB}"
EndProject
Global
	GlobalSection(SolutionConfigurationPlatforms) = preSolution
		Debug|Win32 = Debug|Win32
		Release|Win32 = Release|Win32
	EndGlobalSection
	GlobalSection(ProjectConfigurationPlatforms) = postSolution
		{E225B61D-30E6-4E1B-8CA3-67461E7245CB}.Debug|Win32.ActiveCfg = Debug|Win32
		{E225B61D-30E6-4E1B-8CA3-67461E7245CB}.Debug|Win32.Build.0 = Debug|Win32
		{E225B61D-30E6-4E1B-8CA3-67461E7245CB}.Release|Win32.ActiveCfg = Release|Win32
		{E225B61D-30E6-4E1B-8CA3-67461E7245CB}.Release|Win32.Build.0 = Release|Win32
	EndGlobalSection
	GlobalSection(SolutionProperties) = preSolution
		HideSolutionNode = FALSE
	EndGlobalSection
EndGlobal
